
Microsoft Visual Studio Solution File, Format Version 12.00
# Visual Studio Version 16
VisualStudioVersion = 16.0.34729.46
MinimumVisualStudioVersion = 10.0.40219.1
Project("{FAE04EC0-301F-11D3-BF4B-00C04F79EFBC}") = "DateTimeAssignment", "DateTimeAssignment\DateTimeAssignment.csproj", "{5E7DCF3D-3704-4C2E-AE16-DB43577FBC8D}"
EndProject
Global
	GlobalSection(SolutionConfigurationPlatforms) = preSolution
		Debug|Any CPU = Debug|Any CPU
		Release|Any CPU = Release|Any CPU
	EndGlobalSection
	GlobalSection(ProjectConfigurationPlatforms) = postSolution
		{5E7DCF3D-3704-4C2E-AE16-DB43577FBC8D}.Debug|Any CPU.ActiveCfg = Debug|Any CPU
		{5E7DCF3D-3704-4C2E-AE16-DB43577FBC8D}.Debug|Any CPU.Build.0 = Debug|Any CPU
		{5E7DCF3D-3704-4C2E-AE16-DB43577FBC8D}.Release|Any CPU.ActiveCfg = Release|Any CPU
		{5E7DCF3D-3704-4C2E-AE16-DB43577FBC8D}.Release|Any CPU.Build.0 = Release|Any CPU
	EndGlobalSection
	GlobalSection(SolutionProperties) = preSolution
		HideSolutionNode = FALSE
	EndGlobalSection
	GlobalSection(ExtensibilityGlobals) = postSolution
		SolutionGuid = {83254B76-ED5D-4B5D-B4F5-3FBFCE8BD1A8}
	EndGlobalSection
EndGlobal
